
Microsoft Visual Studio Solution File, Format Version 12.00
# Visual Studio Version 17
VisualStudioVersion = 17.0.31903.59
MinimumVisualStudioVersion = 10.0.40219.1
Project("{2150E333-8FDC-42A3-9474-1A3956D46DE8}") = "src", "src", "{827E0CD3-B72D-47B6-A68D-7590B98EB39B}"
EndProject
Project("{FAE04EC0-301F-11D3-BF4B-00C04F79EFBC}") = "ICNX.App", "src\ICNX.App\ICNX.App.csproj", "{0CD9622A-1E94-49BD-A7F0-E2E148E087FA}"
EndProject
Project("{FAE04EC0-301F-11D3-BF4B-00C04F79EFBC}") = "ICNX.Core", "src\ICNX.Core\ICNX.Core.csproj", "{0935D0C2-1008-404F-8824-095AFDB333DA}"
EndProject
Project("{FAE04EC0-301F-11D3-BF4B-00C04F79EFBC}") = "ICNX.Download", "src\ICNX.Download\ICNX.Download.csproj", "{F827C9D2-F5A0-452A-9077-52A502D06108}"
EndProject
Project("{FAE04EC0-301F-11D3-BF4B-00C04F79EFBC}") = "ICNX.Scripting", "src\ICNX.Scripting\ICNX.Scripting.csproj", "{56FC8318-38B8-43BA-A6B9-B89DA4233279}"
EndProject
Project("{FAE04EC0-301F-11D3-BF4B-00C04F79EFBC}") = "ICNX.Persistence", "src\ICNX.Persistence\ICNX.Persistence.csproj", "{D761964B-6DA1-4C02-AB8A-2FF775A65329}"
EndProject
Project("{FAE04EC0-301F-11D3-BF4B-00C04F79EFBC}") = "ICNX.Interop", "src\ICNX.Interop\ICNX.Interop.csproj", "{8460EDF9-AFA2-47F5-92D9-95DC5CE18637}"
EndProject
Project("{FAE04EC0-301F-11D3-BF4B-00C04F79EFBC}") = "ICNX.Tests", "tests\ICNX.Tests\ICNX.Tests.csproj", "{E791BD5C-F712-4DCA-A188-2C88650B1F12}"
EndProject
Global
	GlobalSection(SolutionConfigurationPlatforms) = preSolution
		Debug|Any CPU = Debug|Any CPU
		Debug|x64 = Debug|x64
		Debug|x86 = Debug|x86
		Release|Any CPU = Release|Any CPU
		Release|x64 = Release|x64
		Release|x86 = Release|x86
	EndGlobalSection
	GlobalSection(ProjectConfigurationPlatforms) = postSolution
		{0CD9622A-1E94-49BD-A7F0-E2E148E087FA}.Debug|Any CPU.ActiveCfg = Debug|Any CPU
		{0CD9622A-1E94-49BD-A7F0-E2E148E087FA}.Debug|Any CPU.Build.0 = Debug|Any CPU
		{0CD9622A-1E94-49BD-A7F0-E2E148E087FA}.Debug|x64.ActiveCfg = Debug|Any CPU
		{0CD9622A-1E94-49BD-A7F0-E2E148E087FA}.Debug|x64.Build.0 = Debug|Any CPU
		{0CD9622A-1E94-49BD-A7F0-E2E148E087FA}.Debug|x86.ActiveCfg = Debug|Any CPU
		{0CD9622A-1E94-49BD-A7F0-E2E148E087FA}.Debug|x86.Build.0 = Debug|Any CPU
		{0CD9622A-1E94-49BD-A7F0-E2E148E087FA}.Release|Any CPU.ActiveCfg = Release|Any CPU
		{0CD9622A-1E94-49BD-A7F0-E2E148E087FA}.Release|Any CPU.Build.0 = Release|Any CPU
		{0CD9622A-1E94-49BD-A7F0-E2E148E087FA}.Release|x64.ActiveCfg = Release|Any CPU
		{0CD9622A-1E94-49BD-A7F0-E2E148E087FA}.Release|x64.Build.0 = Release|Any CPU
		{0CD9622A-1E94-49BD-A7F0-E2E148E087FA}.Release|x86.ActiveCfg = Release|Any CPU
		{0CD9622A-1E94-49BD-A7F0-E2E148E087FA}.Release|x86.Build.0 = Release|Any CPU
		{0935D0C2-1008-404F-8824-095AFDB333DA}.Debug|Any CPU.ActiveCfg = Debug|Any CPU
		{0935D0C2-1008-404F-8824-095AFDB333DA}.Debug|Any CPU.Build.0 = Debug|Any CPU
		{0935D0C2-1008-404F-8824-095AFDB333DA}.Debug|x64.ActiveCfg = Debug|Any CPU
		{0935D0C2-1008-404F-8824-095AFDB333DA}.Debug|x64.Build.0 = Debug|Any CPU
		{0935D0C2-1008-404F-8824-095AFDB333DA}.Debug|x86.ActiveCfg = Debug|Any CPU
		{0935D0C2-1008-404F-8824-095AFDB333DA}.Debug|x86.Build.0 = Debug|Any CPU
		{0935D0C2-1008-404F-8824-095AFDB333DA}.Release|Any CPU.ActiveCfg = Release|Any CPU
		{0935D0C2-1008-404F-8824-095AFDB333DA}.Release|Any CPU.Build.0 = Release|Any CPU
		{0935D0C2-1008-404F-8824-095AFDB333DA}.Release|x64.ActiveCfg = Release|Any CPU
		{0935D0C2-1008-404F-8824-095AFDB333DA}.Release|x64.Build.0 = Release|Any CPU
		{0935D0C2-1008-404F-8824-095AFDB333DA}.Release|x86.ActiveCfg = Release|Any CPU
		{0935D0C2-1008-404F-8824-095AFDB333DA}.Release|x86.Build.0 = Release|Any CPU
		{F827C9D2-F5A0-452A-9077-52A502D06108}.Debug|Any CPU.ActiveCfg = Debug|Any CPU
		{F827C9D2-F5A0-452A-9077-52A502D06108}.Debug|Any CPU.Build.0 = Debug|Any CPU
		{F827C9D2-F5A0-452A-9077-52A502D06108}.Debug|x64.ActiveCfg = Debug|Any CPU
		{F827C9D2-F5A0-452A-9077-52A502D06108}.Debug|x64.Build.0 = Debug|Any CPU
		{F827C9D2-F5A0-452A-9077-52A502D06108}.Debug|x86.ActiveCfg = Debug|Any CPU
		{F827C9D2-F5A0-452A-9077-52A502D06108}.Debug|x86.Build.0 = Debug|Any CPU
		{F827C9D2-F5A0-452A-9077-52A502D06108}.Release|Any CPU.ActiveCfg = Release|Any CPU
		{F827C9D2-F5A0-452A-9077-52A502D06108}.Release|Any CPU.Build.0 = Release|Any CPU
		{F827C9D2-F5A0-452A-9077-52A502D06108}.Release|x64.ActiveCfg = Release|Any CPU
		{F827C9D2-F5A0-452A-9077-52A502D06108}.Release|x64.Build.0 = Release|Any CPU
		{F827C9D2-F5A0-452A-9077-52A502D06108}.Release|x86.ActiveCfg = Release|Any CPU
		{F827C9D2-F5A0-452A-9077-52A502D06108}.Release|x86.Build.0 = Release|Any CPU
		{56FC8318-38B8-43BA-A6B9-B89DA4233279}.Debug|Any CPU.ActiveCfg = Debug|Any CPU
		{56FC8318-38B8-43BA-A6B9-B89DA4233279}.Debug|Any CPU.Build.0 = Debug|Any CPU
		{56FC8318-38B8-43BA-A6B9-B89DA4233279}.Debug|x64.ActiveCfg = Debug|Any CPU
		{56FC8318-38B8-43BA-A6B9-B89DA4233279}.Debug|x64.Build.0 = Debug|Any CPU
		{56FC8318-38B8-43BA-A6B9-B89DA4233279}.Debug|x86.ActiveCfg = Debug|Any CPU
		{56FC8318-38B8-43BA-A6B9-B89DA4233279}.Debug|x86.Build.0 = Debug|Any CPU
		{56FC8318-38B8-43BA-A6B9-B89DA4233279}.Release|Any CPU.ActiveCfg = Release|Any CPU
		{56FC8318-38B8-43BA-A6B9-B89DA4233279}.Release|Any CPU.Build.0 = Release|Any CPU
		{56FC8318-38B8-43BA-A6B9-B89DA4233279}.Release|x64.ActiveCfg = Release|Any CPU
		{56FC8318-38B8-43BA-A6B9-B89DA4233279}.Release|x64.Build.0 = Release|Any CPU
		{56FC8318-38B8-43BA-A6B9-B89DA4233279}.Release|x86.ActiveCfg = Release|Any CPU
		{56FC8318-38B8-43BA-A6B9-B89DA4233279}.Release|x86.Build.0 = Release|Any CPU
		{D761964B-6DA1-4C02-AB8A-2FF775A65329}.Debug|Any CPU.ActiveCfg = Debug|Any CPU
		{D761964B-6DA1-4C02-AB8A-2FF775A65329}.Debug|Any CPU.Build.0 = Debug|Any CPU
		{D761964B-6DA1-4C02-AB8A-2FF775A65329}.Debug|x64.ActiveCfg = Debug|Any CPU
		{D761964B-6DA1-4C02-AB8A-2FF775A65329}.Debug|x64.Build.0 = Debug|Any CPU
		{D761964B-6DA1-4C02-AB8A-2FF775A65329}.Debug|x86.ActiveCfg = Debug|Any CPU
		{D761964B-6DA1-4C02-AB8A-2FF775A65329}.Debug|x86.Build.0 = Debug|Any CPU
		{D761964B-6DA1-4C02-AB8A-2FF775A65329}.Release|Any CPU.ActiveCfg = Release|Any CPU
		{D761964B-6DA1-4C02-AB8A-2FF775A65329}.Release|Any CPU.Build.0 = Release|Any CPU
		{D761964B-6DA1-4C02-AB8A-2FF775A65329}.Release|x64.ActiveCfg = Release|Any CPU
		{D761964B-6DA1-4C02-AB8A-2FF775A65329}.Release|x64.Build.0 = Release|Any CPU
		{D761964B-6DA1-4C02-AB8A-2FF775A65329}.Release|x86.ActiveCfg = Release|Any CPU
		{D761964B-6DA1-4C02-AB8A-2FF775A65329}.Release|x86.Build.0 = Release|Any CPU
		{8460EDF9-AFA2-47F5-92D9-95DC5CE18637}.Debug|Any CPU.ActiveCfg = Debug|Any CPU
		{8460EDF9-AFA2-47F5-92D9-95DC5CE18637}.Debug|Any CPU.Build.0 = Debug|Any CPU
		{8460EDF9-AFA2-47F5-92D9-95DC5CE18637}.Debug|x64.ActiveCfg = Debug|Any CPU
		{8460EDF9-AFA2-47F5-92D9-95DC5CE18637}.Debug|x64.Build.0 = Debug|Any CPU
		{8460EDF9-AFA2-47F5-92D9-95DC5CE18637}.Debug|x86.ActiveCfg = Debug|Any CPU
		{8460EDF9-AFA2-47F5-92D9-95DC5CE18637}.Debug|x86.Build.0 = Debug|Any CPU
		{8460EDF9-AFA2-47F5-92D9-95DC5CE18637}.Release|Any CPU.ActiveCfg = Release|Any CPU
		{8460EDF9-AFA2-47F5-92D9-95DC5CE18637}.Release|Any CPU.Build.0 = Release|Any CPU
		{8460EDF9-AFA2-47F5-92D9-95DC5CE18637}.Release|x64.ActiveCfg = Release|Any CPU
		{8460EDF9-AFA2-47F5-92D9-95DC5CE18637}.Release|x64.Build.0 = Release|Any CPU
		{8460EDF9-AFA2-47F5-92D9-95DC5CE18637}.Release|x86.ActiveCfg = Release|Any CPU
		{8460EDF9-AFA2-47F5-92D9-95DC5CE18637}.Release|x86.Build.0 = Release|Any CPU
		{E791BD5C-F712-4DCA-A188-2C88650B1F12}.Debug|Any CPU.ActiveCfg = Debug|Any CPU
		{E791BD5C-F712-4DCA-A188-2C88650B1F12}.Debug|Any CPU.Build.0 = Debug|Any CPU
		{E791BD5C-F712-4DCA-A188-2C88650B1F12}.Debug|x64.ActiveCfg = Debug|Any CPU
		{E791BD5C-F712-4DCA-A188-2C88650B1F12}.Debug|x64.Build.0 = Debug|Any CPU
		{E791BD5C-F712-4DCA-A188-2C88650B1F12}.Debug|x86.ActiveCfg = Debug|Any CPU
		{E791BD5C-F712-4DCA-A188-2C88650B1F12}.Debug|x86.Build.0 = Debug|Any CPU
		{E791BD5C-F712-4DCA-A188-2C88650B1F12}.Release|Any CPU.ActiveCfg = Release|Any CPU
		{E791BD5C-F712-4DCA-A188-2C88650B1F12}.Release|Any CPU.Build.0 = Release|Any CPU
		{E791BD5C-F712-4DCA-A188-2C88650B1F12}.Release|x64.ActiveCfg = Release|Any CPU
		{E791BD5C-F712-4DCA-A188-2C88650B1F12}.Release|x64.Build.0 = Release|Any CPU
		{E791BD5C-F712-4DCA-A188-2C88650B1F12}.Release|x86.ActiveCfg = Release|Any CPU
		{E791BD5C-F712-4DCA-A188-2C88650B1F12}.Release|x86.Build.0 = Release|Any CPU
	EndGlobalSection
	GlobalSection(SolutionProperties) = preSolution
		HideSolutionNode = FALSE
	EndGlobalSection
	GlobalSection(NestedProjects) = preSolution
		{0CD9622A-1E94-49BD-A7F0-E2E148E087FA} = {827E0CD3-B72D-47B6-A68D-7590B98EB39B}
		{0935D0C2-1008-404F-8824-095AFDB333DA} = {827E0CD3-B72D-47B6-A68D-7590B98EB39B}
		{F827C9D2-F5A0-452A-9077-52A502D06108} = {827E0CD3-B72D-47B6-A68D-7590B98EB39B}
		{56FC8318-38B8-43BA-A6B9-B89DA4233279} = {827E0CD3-B72D-47B6-A68D-7590B98EB39B}
		{D761964B-6DA1-4C02-AB8A-2FF775A65329} = {827E0CD3-B72D-47B6-A68D-7590B98EB39B}
		{8460EDF9-AFA2-47F5-92D9-95DC5CE18637} = {827E0CD3-B72D-47B6-A68D-7590B98EB39B}
		{E791BD5C-F712-4DCA-A188-2C88650B1F12} = {827E0CD3-B72D-47B6-A68D-7590B98EB39B}
	EndGlobalSection
EndGlobal
